// !$*UTF8*$!
{
	archiveVersion = 1;
	classes = {
	};
	objectVersion = 46;
	objects = {

/* Begin PBXBuildFile section */
		1E1AAB461C235F83005511FA /* AppDelegate.swift in Sources */ = {isa = PBXBuildFile; fileRef = 1E1AAB451C235F83005511FA /* AppDelegate.swift */; };
		1E1AAB481C235F83005511FA /* ViewController.swift in Sources */ = {isa = PBXBuildFile; fileRef = 1E1AAB471C235F83005511FA /* ViewController.swift */; };
		1E1AAB4B1C235F83005511FA /* Main.storyboard in Resources */ = {isa = PBXBuildFile; fileRef = 1E1AAB491C235F83005511FA /* Main.storyboard */; };
		1E1AAB4D1C235F83005511FA /* Assets.xcassets in Resources */ = {isa = PBXBuildFile; fileRef = 1E1AAB4C1C235F83005511FA /* Assets.xcassets */; };
		1E1AAB501C235F83005511FA /* LaunchScreen.storyboard in Resources */ = {isa = PBXBuildFile; fileRef = 1E1AAB4E1C235F83005511FA /* LaunchScreen.storyboard */; };
		1E1AAB581C237FBF005511FA /* RoundOrangeButton.swift in Sources */ = {isa = PBXBuildFile; fileRef = 1E1AAB571C237FBF005511FA /* RoundOrangeButton.swift */; };
/* End PBXBuildFile section */

/* Begin PBXFileReference section */
		1E1AAB421C235F83005511FA /* myfavplace.app */ = {isa = PBXFileReference; explicitFileType = wrapper.application; includeInIndex = 0; path = myfavplace.app; sourceTree = BUILT_PRODUCTS_DIR; };
		1E1AAB451C235F83005511FA /* AppDelegate.swift */ = {isa = PBXFileReference; lastKnownFileType = sourcecode.swift; path = AppDelegate.swift; sourceTree = "<group>"; };
		1E1AAB471C235F83005511FA /* ViewController.swift */ = {isa = PBXFileReference; lastKnownFileType = sourcecode.swift; path = ViewController.swift; sourceTree = "<group>"; };
		1E1AAB4A1C235F83005511FA /* Base */ = {isa = PBXFileReference; lastKnownFileType = file.storyboard; name = Base; path = Base.lproj/Main.storyboard; sourceTree = "<group>"; };
		1E1AAB4C1C235F83005511FA /* Assets.xcassets */ = {isa = PBXFileReference; lastKnownFileType = folder.assetcatalog; path = Assets.xcassets; sourceTree = "<group>"; };
		1E1AAB4F1C235F83005511FA /* Base */ = {isa = PBXFileReference; lastKnownFileType = file.storyboard; name = Base; path = Base.lproj/LaunchScreen.storyboard; sourceTree = "<group>"; };
		1E1AAB511C235F83005511FA /* Info.plist */ = {isa = PBXFileReference; lastKnownFileType = text.plist.xml; path = Info.plist; sourceTree = "<group>"; };
		1E1AAB571C237FBF005511FA /* RoundOrangeButton.swift */ = {isa = PBXFileReference; fileEncoding = 4; lastKnownFileType = sourcecode.swift; path = RoundOrangeButton.swift; sourceTree = "<group>"; };
/* End PBXFileReference section */

/* Begin PBXFrameworksBuildPhase section */
		1E1AAB3F1C235F83005511FA /* Frameworks */ = {
			isa = PBXFrameworksBuildPhase;
			buildActionMask = 2147483647;
			files = (
			);
			runOnlyForDeploymentPostprocessing = 0;
		};
/* End PBXFrameworksBuildPhase section */

/* Begin PBXGroup section */
		1E1AAB391C235F83005511FA = {
			isa = PBXGroup;
			children = (
				1E1AAB441C235F83005511FA /* myfavplace */,
				1E1AAB431C235F83005511FA /* Products */,
			);
			sourceTree = "<group>";
		};
		1E1AAB431C235F83005511FA /* Products */ = {
			isa = PBXGroup;
			children = (
				1E1AAB421C235F83005511FA /* myfavplace.app */,
			);
			name = Products;
			sourceTree = "<group>";
		};
		1E1AAB441C235F83005511FA /* myfavplace */ = {
			isa = PBXGroup;
			children = (
				1E1AAB451C235F83005511FA /* AppDelegate.swift */,
				1E1AAB471C235F83005511FA /* ViewController.swift */,
				1E1AAB571C237FBF005511FA /* RoundOrangeButton.swift */,
				1E1AAB491C235F83005511FA /* Main.storyboard */,
				1E1AAB4C1C235F83005511FA /* Assets.xcassets */,
				1E1AAB4E1C235F83005511FA /* LaunchScreen.storyboard */,
				1E1AAB511C235F83005511FA /* Info.plist */,
			);
			path = myfavplace;
			sourceTree = "<group>";
		};
/* End PBXGroup section */

/* Begin PBXNativeTarget section */
		1E1AAB411C235F83005511FA /* myfavplace */ = {
			isa = PBXNativeTarget;
			buildConfigurationList = 1E1AAB541C235F83005511FA /* Build configuration list for PBXNativeTarget "myfavplace" */;
			buildPhases = (
				1E1AAB3E1C235F83005511FA /* Sources */,
				1E1AAB3F1C235F83005511FA /* Frameworks */,
				1E1AAB401C235F83005511FA /* Resources */,
			);
			buildRules = (
			);
			dependencies = (
			);
			name = myfavplace;
			productName = myfavplace;
			productReference = 1E1AAB421C235F83005511FA /* myfavplace.app */;
			productType = "com.apple.product-type.application";
		};
/* End PBXNativeTarget section */

/* Begin PBXProject section */
		1E1AAB3A1C235F83005511FA /* Project object */ = {
			isa = PBXProject;
			attributes = {
				LastSwiftUpdateCheck = 0720;
				LastUpgradeCheck = 0720;
				ORGANIZATIONNAME = "Auggie Doggie iOSware";
				TargetAttributes = {
					1E1AAB411C235F83005511FA = {
						CreatedOnToolsVersion = 7.2;
						DevelopmentTeam = T5G5TQQCM6;
					};
				};
			};
			buildConfigurationList = 1E1AAB3D1C235F83005511FA /* Build configuration list for PBXProject "myfavplace" */;
			compatibilityVersion = "Xcode 3.2";
			developmentRegion = English;
			hasScannedForEncodings = 0;
			knownRegions = (
				en,
				Base,
			);
			mainGroup = 1E1AAB391C235F83005511FA;
			productRefGroup = 1E1AAB431C235F83005511FA /* Products */;
			projectDirPath = "";
			projectRoot = "";
			targets = (
				1E1AAB411C235F83005511FA /* myfavplace */,
			);
		};
/* End PBXProject section */

/* Begin PBXResourcesBuildPhase section */
		1E1AAB401C235F83005511FA /* Resources */ = {
			isa = PBXResourcesBuildPhase;
			buildActionMask = 2147483647;
			files = (
				1E1AAB501C235F83005511FA /* LaunchScreen.storyboard in Resources */,
				1E1AAB4D1C235F83005511FA /* Assets.xcassets in Resources */,
				1E1AAB4B1C235F83005511FA /* Main.storyboard in Resources */,
			);
			runOnlyForDeploymentPostprocessing = 0;
		};
/* End PBXResourcesBuildPhase section */

/* Begin PBXSourcesBuildPhase section */
		1E1AAB3E1C235F83005511FA /* Sources */ = {
			isa = PBXSourcesBuildPhase;
			buildActionMask = 2147483647;
			files = (
				1E1AAB481C235F83005511FA /* ViewController.swift in Sources */,
				1E1AAB581C237FBF005511FA /* RoundOrangeButton.swift in Sources */,
				1E1AAB461C235F83005511FA /* AppDelegate.swift in Sources */,
			);
			runOnlyForDeploymentPostprocessing = 0;
		};
/* End PBXSourcesBuildPhase section */

/* Begin PBXVariantGroup section */
		1E1AAB491C235F83005511FA /* Main.storyboard */ = {
			isa = PBXVariantGroup;
			children = (
				1E1AAB4A1C235F83005511FA /* Base */,
			);
			name = Main.storyboard;
			sourceTree = "<group>";
		};
		1E1AAB4E1C235F83005511FA /* LaunchScreen.storyboard */ = {
			isa = PBXVariantGroup;
			children = (
				1E1AAB4F1C235F83005511FA /* Base */,
			);
			name = LaunchScreen.storyboard;
			sourceTree = "<group>";
		};
/* End PBXVariantGroup section */

/* Begin XCBuildConfiguration section */
		1E1AAB521C235F83005511FA /* Debug */ = {
			isa = XCBuildConfiguration;
			buildSettings = {
				ALWAYS_SEARCH_USER_PATHS = NO;
				CLANG_CXX_LANGUAGE_STANDARD = "gnu++0x";
				CLANG_CXX_LIBRARY = "libc++";
				CLANG_ENABLE_MODULES = YES;
				CLANG_ENABLE_OBJC_ARC = YES;
				CLANG_WARN_BOOL_CONVERSION = YES;
				CLANG_WARN_CONSTANT_CONVERSION = YES;
				CLANG_WARN_DIRECT_OBJC_ISA_USAGE = YES_ERROR;
				CLANG_WARN_EMPTY_BODY = YES;
				CLANG_WARN_ENUM_CONVERSION = YES;
				CLANG_WARN_INT_CONVERSION = YES;
				CLANG_WARN_OBJC_ROOT_CLASS = YES_ERROR;
				CLANG_WARN_UNREACHABLE_CODE = YES;
				CLANG_WARN__DUPLICATE_METHOD_MATCH = YES;
				"CODE_SIGN_IDENTITY[sdk=iphoneos*]" = "iPhone Developer";
				COPY_PHASE_STRIP = NO;
				DEBUG_INFORMATION_FORMAT = dwarf;
				ENABLE_STRICT_OBJC_MSGSEND = YES;
				ENABLE_TESTABILITY = YES;
				GCC_C_LANGUAGE_STANDARD = gnu99;
				GCC_DYNAMIC_NO_PIC = NO;
				GCC_NO_COMMON_BLOCKS = YES;
				GCC_OPTIMIZATION_LEVEL = 0;
				GCC_PREPROCESSOR_DEFINITIONS = (
					"DEBUG=1",
					"$(inherited)",
				);
				GCC_WARN_64_TO_32_BIT_CONVERSION = YES;
				GCC_WARN_ABOUT_RETURN_TYPE = YES_ERROR;
				GCC_WARN_UNDECLARED_SELECTOR = YES;
				GCC_WARN_UNINITIALIZED_AUTOS = YES_AGGRESSIVE;
				GCC_WARN_UNUSED_FUNCTION = YES;
				GCC_WARN_UNUSED_VARIABLE = YES;
				IPHONEOS_DEPLOYMENT_TARGET = 9.2;
				MTL_ENABLE_DEBUG_INFO = YES;
				ONLY_ACTIVE_ARCH = YES;
				SDKROOT = iphoneos;
				SWIFT_OPTIMIZATION_LEVEL = "-Onone";
			};
			name = Debug;
		};
		1E1AAB531C235F83005511FA /* Release */ = {
			isa = XCBuildConfiguration;
			buildSettings = {
				ALWAYS_SEARCH_USER_PATHS = NO;
				CLANG_CXX_LANGUAGE_STANDARD = "gnu++0x";
				CLANG_CXX_LIBRARY = "libc++";
				CLANG_ENABLE_MODULES = YES;
				CLANG_ENABLE_OBJC_ARC = YES;
				CLANG_WARN_BOOL_CONVERSION = YES;
				CLANG_WARN_CONSTANT_CONVERSION = YES;
				CLANG_WARN_DIRECT_OBJC_ISA_USAGE = YES_ERROR;
				CLANG_WARN_EMPTY_BODY = YES;
				CLANG_WARN_ENUM_CONVERSION = YES;
				CLANG_WARN_INT_CONVERSION = YES;
				CLANG_WARN_OBJC_ROOT_CLASS = YES_ERROR;
				CLANG_WARN_UNREACHABLE_CODE = YES;
				CLANG_WARN__DUPLICATE_METHOD_MATCH = YES;
				"CODE_SIGN_IDENTITY[sdk=iphoneos*]" = "iPhone Developer";
				COPY_PHASE_STRIP = NO;
				DEBUG_INFORMATION_FORMAT = "dwarf-with-dsym";
				ENABLE_NS_ASSERTIONS = NO;
				ENABLE_STRICT_OBJC_MSGSEND = YES;
				GCC_C_LANGUAGE_STANDARD = gnu99;
				GCC_NO_COMMON_BLOCKS = YES;
				GCC_WARN_64_TO_32_BIT_CONVERSION = YES;
				GCC_WARN_ABOUT_RETURN_TYPE = YES_ERROR;
				GCC_WARN_UNDECLARED_SELECTOR = YES;
				GCC_WARN_UNINITIALIZED_AUTOS = YES_AGGRESSIVE;
				GCC_WARN_UNUSED_FUNCTION = YES;
				GCC_WARN_UNUSED_VARIABLE = YES;
				IPHONEOS_DEPLOYMENT_TARGET = 9.2;
				MTL_ENABLE_DEBUG_INFO = NO;
				SDKROOT = iphoneos;
				VALIDATE_PRODUCT = YES;
			};
			name = Release;
		};
		1E1AAB551C235F83005511FA /* Debug */ = {
			isa = XCBuildConfiguration;
			buildSettings = {
				ASSETCATALOG_COMPILER_APPICON_NAME = AppIcon;
				INFOPLIST_FILE = myfavplace/Info.plist;
				LD_RUNPATH_SEARCH_PATHS = "$(inherited) @executable_path/Frameworks";
				PRODUCT_BUNDLE_IDENTIFIER = com.christopheraugg.myfavplace;
				PRODUCT_NAME = "$(TARGET_NAME)";
				TARGETED_DEVICE_FAMILY = "1,2";
			};
			name = Debug;
		};
		1E1AAB561C235F83005511FA /* Release */ = {
			isa = XCBuildConfiguration;
			buildSettings = {
				ASSETCATALOG_COMPILER_APPICON_NAME = AppIcon;
				INFOPLIST_FILE = myfavplace/Info.plist;
				LD_RUNPATH_SEARCH_PATHS = "$(inherited) @executable_path/Frameworks";
				PRODUCT_BUNDLE_IDENTIFIER = com.christopheraugg.myfavplace;
				PRODUCT_NAME = "$(TARGET_NAME)";
				TARGETED_DEVICE_FAMILY = "1,2";
			};
			name = Release;
		};
/* End XCBuildConfiguration section */

/* Begin XCConfigurationList section */
		1E1AAB3D1C235F83005511FA /* Build configuration list for PBXProject "myfavplace" */ = {
			isa = XCConfigurationList;
			buildConfigurations = (
				1E1AAB521C235F83005511FA /* Debug */,
				1E1AAB531C235F83005511FA /* Release */,
			);
			defaultConfigurationIsVisible = 0;
			defaultConfigurationName = Release;
		};
		1E1AAB541C235F83005511FA /* Build configuration list for PBXNativeTarget "myfavplace" */ = {
			isa = XCConfigurationList;
			buildConfigurations = (
				1E1AAB551C235F83005511FA /* Debug */,
				1E1AAB561C235F83005511FA /* Release */,
			);
			defaultConfigurationIsVisible = 0;
		};
/* End XCConfigurationList section */
	};
	rootObject = 1E1AAB3A1C235F83005511FA /* Project object */;
}
